
Microsoft Visual Studio Solution File, Format Version 12.00
# Visual Studio Version 17
VisualStudioVersion = 17.9.34728.123
MinimumVisualStudioVersion = 10.0.40219.1
Project("{FAE04EC0-301F-11D3-BF4B-00C04F79EFBC}") = "Assignment 1.3", "Assignment 1.3\Assignment 1.3.csproj", "{92378881-99CF-4751-80DA-56AFBDBFA2BF}"
EndProject
Global
	GlobalSection(SolutionConfigurationPlatforms) = preSolution
		Debug|Any CPU = Debug|Any CPU
		Release|Any CPU = Release|Any CPU
	EndGlobalSection
	GlobalSection(ProjectConfigurationPlatforms) = postSolution
		{92378881-99CF-4751-80DA-56AFBDBFA2BF}.Debug|Any CPU.ActiveCfg = Debug|Any CPU
		{92378881-99CF-4751-80DA-56AFBDBFA2BF}.Debug|Any CPU.Build.0 = Debug|Any CPU
		{92378881-99CF-4751-80DA-56AFBDBFA2BF}.Release|Any CPU.ActiveCfg = Release|Any CPU
		{92378881-99CF-4751-80DA-56AFBDBFA2BF}.Release|Any CPU.Build.0 = Release|Any CPU
	EndGlobalSection
	GlobalSection(SolutionProperties) = preSolution
		HideSolutionNode = FALSE
	EndGlobalSection
	GlobalSection(ExtensibilityGlobals) = postSolution
		SolutionGuid = {D67EF492-6EFD-4074-94C9-B51FD1E1B248}
	EndGlobalSection
EndGlobal
